
Microsoft Visual Studio Solution File, Format Version 12.00
# Visual Studio Version 16
VisualStudioVersion = 16.0.32228.343
MinimumVisualStudioVersion = 10.0.40219.1
Project("{9A19103F-16F7-4668-BE54-9A1E7A4F7556}") = "TestesOO", "TestesOO\TestesOO.csproj", "{051F5AE4-491C-44C3-8D4A-A6868995B4E0}"
EndProject
Project("{FAE04EC0-301F-11D3-BF4B-00C04F79EFBC}") = "Observadores", "Observadores\Observadores.csproj", "{FB0BE168-6B66-42DF-9871-F9CE142620FD}"
EndProject
Global
	GlobalSection(SolutionConfigurationPlatforms) = preSolution
		Debug|Any CPU = Debug|Any CPU
		Release|Any CPU = Release|Any CPU
	EndGlobalSection
	GlobalSection(ProjectConfigurationPlatforms) = postSolution
		{051F5AE4-491C-44C3-8D4A-A6868995B4E0}.Debug|Any CPU.ActiveCfg = Debug|Any CPU
		{051F5AE4-491C-44C3-8D4A-A6868995B4E0}.Debug|Any CPU.Build.0 = Debug|Any CPU
		{051F5AE4-491C-44C3-8D4A-A6868995B4E0}.Release|Any CPU.ActiveCfg = Release|Any CPU
		{051F5AE4-491C-44C3-8D4A-A6868995B4E0}.Release|Any CPU.Build.0 = Release|Any CPU
		{FB0BE168-6B66-42DF-9871-F9CE142620FD}.Debug|Any CPU.ActiveCfg = Debug|Any CPU
		{FB0BE168-6B66-42DF-9871-F9CE142620FD}.Debug|Any CPU.Build.0 = Debug|Any CPU
		{FB0BE168-6B66-42DF-9871-F9CE142620FD}.Release|Any CPU.ActiveCfg = Release|Any CPU
		{FB0BE168-6B66-42DF-9871-F9CE142620FD}.Release|Any CPU.Build.0 = Release|Any CPU
	EndGlobalSection
	GlobalSection(SolutionProperties) = preSolution
		HideSolutionNode = FALSE
	EndGlobalSection
	GlobalSection(ExtensibilityGlobals) = postSolution
		SolutionGuid = {62F99736-C574-49B3-BD85-D36DF288DEE2}
	EndGlobalSection
EndGlobal
