
Microsoft Visual Studio Solution File, Format Version 12.00
# Visual Studio Version 16
VisualStudioVersion = 16.0.32228.343
MinimumVisualStudioVersion = 10.0.40219.1
Project("{9A19103F-16F7-4668-BE54-9A1E7A4F7556}") = "MeuFramework.Persistencia", "MeuFramework.Persistencia\MeuFramework.Persistencia.csproj", "{7CF19807-D6C4-43A2-A1D4-61826623BDED}"
EndProject
Project("{9A19103F-16F7-4668-BE54-9A1E7A4F7556}") = "MeuFramework.Entidades", "MeuFramework.Entidades\MeuFramework.Entidades.csproj", "{232831BC-A384-4FC4-B017-38C1AC45AEB6}"
EndProject
Project("{FAE04EC0-301F-11D3-BF4B-00C04F79EFBC}") = "MeuFramework.Console.Testes", "MeuFramework.Console.Testes\MeuFramework.Console.Testes.csproj", "{32069B7E-6E59-4D1B-A9B0-98D80C82FBD9}"
EndProject
Global
	GlobalSection(SolutionConfigurationPlatforms) = preSolution
		Debug|Any CPU = Debug|Any CPU
		Release|Any CPU = Release|Any CPU
	EndGlobalSection
	GlobalSection(ProjectConfigurationPlatforms) = postSolution
		{7CF19807-D6C4-43A2-A1D4-61826623BDED}.Debug|Any CPU.ActiveCfg = Debug|Any CPU
		{7CF19807-D6C4-43A2-A1D4-61826623BDED}.Debug|Any CPU.Build.0 = Debug|Any CPU
		{7CF19807-D6C4-43A2-A1D4-61826623BDED}.Release|Any CPU.ActiveCfg = Release|Any CPU
		{7CF19807-D6C4-43A2-A1D4-61826623BDED}.Release|Any CPU.Build.0 = Release|Any CPU
		{232831BC-A384-4FC4-B017-38C1AC45AEB6}.Debug|Any CPU.ActiveCfg = Debug|Any CPU
		{232831BC-A384-4FC4-B017-38C1AC45AEB6}.Debug|Any CPU.Build.0 = Debug|Any CPU
		{232831BC-A384-4FC4-B017-38C1AC45AEB6}.Release|Any CPU.ActiveCfg = Release|Any CPU
		{232831BC-A384-4FC4-B017-38C1AC45AEB6}.Release|Any CPU.Build.0 = Release|Any CPU
		{32069B7E-6E59-4D1B-A9B0-98D80C82FBD9}.Debug|Any CPU.ActiveCfg = Debug|Any CPU
		{32069B7E-6E59-4D1B-A9B0-98D80C82FBD9}.Debug|Any CPU.Build.0 = Debug|Any CPU
		{32069B7E-6E59-4D1B-A9B0-98D80C82FBD9}.Release|Any CPU.ActiveCfg = Release|Any CPU
		{32069B7E-6E59-4D1B-A9B0-98D80C82FBD9}.Release|Any CPU.Build.0 = Release|Any CPU
	EndGlobalSection
	GlobalSection(SolutionProperties) = preSolution
		HideSolutionNode = FALSE
	EndGlobalSection
	GlobalSection(ExtensibilityGlobals) = postSolution
		SolutionGuid = {157025D6-B6F0-4242-BF7C-1AF4988ED2C1}
	EndGlobalSection
EndGlobal
